
Microsoft Visual Studio Solution File, Format Version 12.00
# Visual Studio 15
Project("{FAE04EC0-301F-11D3-BF4B-00C04F79EFBC}") = "SteamVR", "SteamVR.csproj", "{F35CF870-1EFB-EA5D-01D3-F770189A5D67}"
EndProject
Project("{FAE04EC0-301F-11D3-BF4B-00C04F79EFBC}") = "Assembly-CSharp", "Assembly-CSharp.csproj", "{253E43D4-195A-4C01-A53A-404137E5AFFE}"
EndProject
Project("{FAE04EC0-301F-11D3-BF4B-00C04F79EFBC}") = "SteamVR_Actions", "SteamVR_Actions.csproj", "{AFA03887-0CE5-4262-673F-39147D54641C}"
EndProject
Project("{FAE04EC0-301F-11D3-BF4B-00C04F79EFBC}") = "SteamVR_Input_Editor", "SteamVR_Input_Editor.csproj", "{74E6CF33-731B-FFD6-8E54-90986754F145}"
EndProject
Project("{FAE04EC0-301F-11D3-BF4B-00C04F79EFBC}") = "Assembly-CSharp-Editor", "Assembly-CSharp-Editor.csproj", "{70DE0960-A50B-4438-A914-4C7E2931A638}"
EndProject
Project("{FAE04EC0-301F-11D3-BF4B-00C04F79EFBC}") = "SteamVR_Editor", "SteamVR_Editor.csproj", "{9CD02128-1B67-087C-09F2-9DD40423D4A5}"
EndProject
Project("{FAE04EC0-301F-11D3-BF4B-00C04F79EFBC}") = "SteamVR_Windows_EditorHelper", "SteamVR_Windows_EditorHelper.csproj", "{FF4DDBD7-0B1E-C9E0-E1B3-9E6F83B178EE}"
EndProject
Global
	GlobalSection(SolutionConfigurationPlatforms) = preSolution
		Debug|Any CPU = Debug|Any CPU
		Release|Any CPU = Release|Any CPU
	EndGlobalSection
	GlobalSection(ProjectConfigurationPlatforms) = postSolution
		{F35CF870-1EFB-EA5D-01D3-F770189A5D67}.Debug|Any CPU.ActiveCfg = Debug|Any CPU
		{F35CF870-1EFB-EA5D-01D3-F770189A5D67}.Debug|Any CPU.Build.0 = Debug|Any CPU
		{F35CF870-1EFB-EA5D-01D3-F770189A5D67}.Release|Any CPU.ActiveCfg = Release|Any CPU
		{F35CF870-1EFB-EA5D-01D3-F770189A5D67}.Release|Any CPU.Build.0 = Release|Any CPU
		{253E43D4-195A-4C01-A53A-404137E5AFFE}.Debug|Any CPU.ActiveCfg = Debug|Any CPU
		{253E43D4-195A-4C01-A53A-404137E5AFFE}.Debug|Any CPU.Build.0 = Debug|Any CPU
		{253E43D4-195A-4C01-A53A-404137E5AFFE}.Release|Any CPU.ActiveCfg = Release|Any CPU
		{253E43D4-195A-4C01-A53A-404137E5AFFE}.Release|Any CPU.Build.0 = Release|Any CPU
		{AFA03887-0CE5-4262-673F-39147D54641C}.Debug|Any CPU.ActiveCfg = Debug|Any CPU
		{AFA03887-0CE5-4262-673F-39147D54641C}.Debug|Any CPU.Build.0 = Debug|Any CPU
		{AFA03887-0CE5-4262-673F-39147D54641C}.Release|Any CPU.ActiveCfg = Release|Any CPU
		{AFA03887-0CE5-4262-673F-39147D54641C}.Release|Any CPU.Build.0 = Release|Any CPU
		{74E6CF33-731B-FFD6-8E54-90986754F145}.Debug|Any CPU.ActiveCfg = Debug|Any CPU
		{74E6CF33-731B-FFD6-8E54-90986754F145}.Debug|Any CPU.Build.0 = Debug|Any CPU
		{74E6CF33-731B-FFD6-8E54-90986754F145}.Release|Any CPU.ActiveCfg = Release|Any CPU
		{74E6CF33-731B-FFD6-8E54-90986754F145}.Release|Any CPU.Build.0 = Release|Any CPU
		{70DE0960-A50B-4438-A914-4C7E2931A638}.Debug|Any CPU.ActiveCfg = Debug|Any CPU
		{70DE0960-A50B-4438-A914-4C7E2931A638}.Debug|Any CPU.Build.0 = Debug|Any CPU
		{70DE0960-A50B-4438-A914-4C7E2931A638}.Release|Any CPU.ActiveCfg = Release|Any CPU
		{70DE0960-A50B-4438-A914-4C7E2931A638}.Release|Any CPU.Build.0 = Release|Any CPU
		{9CD02128-1B67-087C-09F2-9DD40423D4A5}.Debug|Any CPU.ActiveCfg = Debug|Any CPU
		{9CD02128-1B67-087C-09F2-9DD40423D4A5}.Debug|Any CPU.Build.0 = Debug|Any CPU
		{9CD02128-1B67-087C-09F2-9DD40423D4A5}.Release|Any CPU.ActiveCfg = Release|Any CPU
		{9CD02128-1B67-087C-09F2-9DD40423D4A5}.Release|Any CPU.Build.0 = Release|Any CPU
		{FF4DDBD7-0B1E-C9E0-E1B3-9E6F83B178EE}.Debug|Any CPU.ActiveCfg = Debug|Any CPU
		{FF4DDBD7-0B1E-C9E0-E1B3-9E6F83B178EE}.Debug|Any CPU.Build.0 = Debug|Any CPU
		{FF4DDBD7-0B1E-C9E0-E1B3-9E6F83B178EE}.Release|Any CPU.ActiveCfg = Release|Any CPU
		{FF4DDBD7-0B1E-C9E0-E1B3-9E6F83B178EE}.Release|Any CPU.Build.0 = Release|Any CPU
	EndGlobalSection
	GlobalSection(SolutionProperties) = preSolution
		HideSolutionNode = FALSE
	EndGlobalSection
EndGlobal
